
Microsoft Visual Studio Solution File, Format Version 12.00
# Visual Studio 14
VisualStudioVersion = 14.0.25123.0
MinimumVisualStudioVersion = 10.0.40219.1
Project("{FAE04EC0-301F-11D3-BF4B-00C04F79EFBC}") = "LibSESAR_CSharp", "LibSESAR_CSharp\LibSESAR_CSharp.csproj", "{2F57A444-88C4-4A85-A607-D8D56D7CF21B}"
EndProject
Project("{FAE04EC0-301F-11D3-BF4B-00C04F79EFBC}") = "TestLibSESAR_CSharp", "TestLibSESAR_CSharp\TestLibSESAR_CSharp.csproj", "{E72503A2-7511-47E0-9CC6-BDA32EAFC986}"
EndProject
Project("{FAE04EC0-301F-11D3-BF4B-00C04F79EFBC}") = "LibSESAR_CSharpTests", "LibSESAR_CSharpTests\LibSESAR_CSharpTests.csproj", "{B2041A7C-9BB7-4867-A6E6-44BD193931D9}"
EndProject
Global
	GlobalSection(SolutionConfigurationPlatforms) = preSolution
		Debug|Any CPU = Debug|Any CPU
		Release|Any CPU = Release|Any CPU
	EndGlobalSection
	GlobalSection(ProjectConfigurationPlatforms) = postSolution
		{2F57A444-88C4-4A85-A607-D8D56D7CF21B}.Debug|Any CPU.ActiveCfg = Debug|Any CPU
		{2F57A444-88C4-4A85-A607-D8D56D7CF21B}.Debug|Any CPU.Build.0 = Debug|Any CPU
		{2F57A444-88C4-4A85-A607-D8D56D7CF21B}.Release|Any CPU.ActiveCfg = Release|Any CPU
		{2F57A444-88C4-4A85-A607-D8D56D7CF21B}.Release|Any CPU.Build.0 = Release|Any CPU
		{E72503A2-7511-47E0-9CC6-BDA32EAFC986}.Debug|Any CPU.ActiveCfg = Debug|Any CPU
		{E72503A2-7511-47E0-9CC6-BDA32EAFC986}.Debug|Any CPU.Build.0 = Debug|Any CPU
		{E72503A2-7511-47E0-9CC6-BDA32EAFC986}.Release|Any CPU.ActiveCfg = Release|Any CPU
		{E72503A2-7511-47E0-9CC6-BDA32EAFC986}.Release|Any CPU.Build.0 = Release|Any CPU
		{B2041A7C-9BB7-4867-A6E6-44BD193931D9}.Debug|Any CPU.ActiveCfg = Debug|Any CPU
		{B2041A7C-9BB7-4867-A6E6-44BD193931D9}.Debug|Any CPU.Build.0 = Debug|Any CPU
		{B2041A7C-9BB7-4867-A6E6-44BD193931D9}.Release|Any CPU.ActiveCfg = Release|Any CPU
		{B2041A7C-9BB7-4867-A6E6-44BD193931D9}.Release|Any CPU.Build.0 = Release|Any CPU
	EndGlobalSection
	GlobalSection(SolutionProperties) = preSolution
		HideSolutionNode = FALSE
	EndGlobalSection
EndGlobal
